
Microsoft Visual Studio Solution File, Format Version 12.00
# Visual Studio Version 17
VisualStudioVersion = 17.5.002.0
MinimumVisualStudioVersion = 10.0.40219.1
Project("{9A19103F-16F7-4668-BE54-9A1E7A4F7556}") = "example-dotnet", "example-dotnet.csproj", "{833E31ED-9416-4E07-BDE7-297AE7E5A79B}"
EndProject
Global
	GlobalSection(SolutionConfigurationPlatforms) = preSolution
		Debug|Any CPU = Debug|Any CPU
		Release|Any CPU = Release|Any CPU
	EndGlobalSection
	GlobalSection(ProjectConfigurationPlatforms) = postSolution
		{833E31ED-9416-4E07-BDE7-297AE7E5A79B}.Debug|Any CPU.ActiveCfg = Debug|Any CPU
		{833E31ED-9416-4E07-BDE7-297AE7E5A79B}.Debug|Any CPU.Build.0 = Debug|Any CPU
		{833E31ED-9416-4E07-BDE7-297AE7E5A79B}.Release|Any CPU.ActiveCfg = Release|Any CPU
		{833E31ED-9416-4E07-BDE7-297AE7E5A79B}.Release|Any CPU.Build.0 = Release|Any CPU
	EndGlobalSection
	GlobalSection(SolutionProperties) = preSolution
		HideSolutionNode = FALSE
	EndGlobalSection
	GlobalSection(ExtensibilityGlobals) = postSolution
		SolutionGuid = {0E408D32-8B5F-40DA-8AB0-867E8623EDF3}
	EndGlobalSection
EndGlobal
